
Microsoft Visual Studio Solution File, Format Version 12.00
# Visual Studio Version 16
VisualStudioVersion = 16.0.30002.166
MinimumVisualStudioVersion = 10.0.40219.1
Project("{2150E333-8FDC-42A3-9474-1A3956D46DE8}") = "src", "src", "{10ABCE32-C976-4D97-896E-598201553E46}"
EndProject
Project("{9A19103F-16F7-4668-BE54-9A1E7A4F7556}") = "ApplicationCore", "ApplicationCore\ApplicationCore.csproj", "{390AD9ED-0018-42FB-AE6C-14EF811F2619}"
EndProject
Project("{2150E333-8FDC-42A3-9474-1A3956D46DE8}") = "Services", "Services", "{D83D761B-2779-4F0D-9DBC-FDF05C86351A}"
EndProject
Project("{2150E333-8FDC-42A3-9474-1A3956D46DE8}") = "Catalogue", "Catalogue", "{2882273D-AB22-4D54-8B62-2948EA00A236}"
EndProject
Project("{2150E333-8FDC-42A3-9474-1A3956D46DE8}") = "Profile", "Profile", "{FBEEBF10-54C4-40B6-AFBB-84FD717F07A3}"
EndProject
Project("{9A19103F-16F7-4668-BE54-9A1E7A4F7556}") = "CatalogueAPI", "CatalogueAPI\CatalogueAPI.csproj", "{A0D07AC9-B495-4370-9E5C-0831C79908BB}"
EndProject
Project("{2150E333-8FDC-42A3-9474-1A3956D46DE8}") = "WebApplication", "WebApplication", "{84B32E06-4157-4299-8657-95B7B07FB7E7}"
EndProject
Project("{9A19103F-16F7-4668-BE54-9A1E7A4F7556}") = "WebApps", "WebApps\WebApps.csproj", "{D7515E85-FD50-4C4A-A560-A533446E4A6B}"
EndProject
Project("{9A19103F-16F7-4668-BE54-9A1E7A4F7556}") = "Model", "Model\Model.csproj", "{3F011DD9-4FB2-4242-B855-0792B3AEB6DE}"
EndProject
Project("{9A19103F-16F7-4668-BE54-9A1E7A4F7556}") = "EntityContext", "EntityContext\EntityContext.csproj", "{7DE73051-9C71-4F45-8FCA-EC9B3BB4DC0A}"
EndProject
Project("{FAE04EC0-301F-11D3-BF4B-00C04F79EFBC}") = "ProfileAPI", "ProfileAPI\ProfileAPI.csproj", "{336DB0D2-52F3-41E9-A485-9EC25A547A8B}"
EndProject
Project("{2150E333-8FDC-42A3-9474-1A3956D46DE8}") = "Live Session", "Live Session", "{D53CD589-EAC3-4377-91C3-29F4DAFDB27B}"
EndProject
Project("{FAE04EC0-301F-11D3-BF4B-00C04F79EFBC}") = "LiveSessionAPI", "LiveSessionAPI\LiveSessionAPI.csproj", "{06FCA707-6936-4E82-B505-ACDC697011B2}"
EndProject
Global
	GlobalSection(SolutionConfigurationPlatforms) = preSolution
		Debug|Any CPU = Debug|Any CPU
		Release|Any CPU = Release|Any CPU
	EndGlobalSection
	GlobalSection(ProjectConfigurationPlatforms) = postSolution
		{390AD9ED-0018-42FB-AE6C-14EF811F2619}.Debug|Any CPU.ActiveCfg = Debug|Any CPU
		{390AD9ED-0018-42FB-AE6C-14EF811F2619}.Debug|Any CPU.Build.0 = Debug|Any CPU
		{390AD9ED-0018-42FB-AE6C-14EF811F2619}.Release|Any CPU.ActiveCfg = Release|Any CPU
		{390AD9ED-0018-42FB-AE6C-14EF811F2619}.Release|Any CPU.Build.0 = Release|Any CPU
		{A0D07AC9-B495-4370-9E5C-0831C79908BB}.Debug|Any CPU.ActiveCfg = Debug|Any CPU
		{A0D07AC9-B495-4370-9E5C-0831C79908BB}.Debug|Any CPU.Build.0 = Debug|Any CPU
		{A0D07AC9-B495-4370-9E5C-0831C79908BB}.Release|Any CPU.ActiveCfg = Release|Any CPU
		{A0D07AC9-B495-4370-9E5C-0831C79908BB}.Release|Any CPU.Build.0 = Release|Any CPU
		{D7515E85-FD50-4C4A-A560-A533446E4A6B}.Debug|Any CPU.ActiveCfg = Debug|Any CPU
		{D7515E85-FD50-4C4A-A560-A533446E4A6B}.Debug|Any CPU.Build.0 = Debug|Any CPU
		{D7515E85-FD50-4C4A-A560-A533446E4A6B}.Release|Any CPU.ActiveCfg = Release|Any CPU
		{D7515E85-FD50-4C4A-A560-A533446E4A6B}.Release|Any CPU.Build.0 = Release|Any CPU
		{3F011DD9-4FB2-4242-B855-0792B3AEB6DE}.Debug|Any CPU.ActiveCfg = Debug|Any CPU
		{3F011DD9-4FB2-4242-B855-0792B3AEB6DE}.Debug|Any CPU.Build.0 = Debug|Any CPU
		{3F011DD9-4FB2-4242-B855-0792B3AEB6DE}.Release|Any CPU.ActiveCfg = Release|Any CPU
		{3F011DD9-4FB2-4242-B855-0792B3AEB6DE}.Release|Any CPU.Build.0 = Release|Any CPU
		{7DE73051-9C71-4F45-8FCA-EC9B3BB4DC0A}.Debug|Any CPU.ActiveCfg = Debug|Any CPU
		{7DE73051-9C71-4F45-8FCA-EC9B3BB4DC0A}.Debug|Any CPU.Build.0 = Debug|Any CPU
		{7DE73051-9C71-4F45-8FCA-EC9B3BB4DC0A}.Release|Any CPU.ActiveCfg = Release|Any CPU
		{7DE73051-9C71-4F45-8FCA-EC9B3BB4DC0A}.Release|Any CPU.Build.0 = Release|Any CPU
		{336DB0D2-52F3-41E9-A485-9EC25A547A8B}.Debug|Any CPU.ActiveCfg = Debug|Any CPU
		{336DB0D2-52F3-41E9-A485-9EC25A547A8B}.Debug|Any CPU.Build.0 = Debug|Any CPU
		{336DB0D2-52F3-41E9-A485-9EC25A547A8B}.Release|Any CPU.ActiveCfg = Release|Any CPU
		{336DB0D2-52F3-41E9-A485-9EC25A547A8B}.Release|Any CPU.Build.0 = Release|Any CPU
		{06FCA707-6936-4E82-B505-ACDC697011B2}.Debug|Any CPU.ActiveCfg = Debug|Any CPU
		{06FCA707-6936-4E82-B505-ACDC697011B2}.Debug|Any CPU.Build.0 = Debug|Any CPU
		{06FCA707-6936-4E82-B505-ACDC697011B2}.Release|Any CPU.ActiveCfg = Release|Any CPU
		{06FCA707-6936-4E82-B505-ACDC697011B2}.Release|Any CPU.Build.0 = Release|Any CPU
	EndGlobalSection
	GlobalSection(SolutionProperties) = preSolution
		HideSolutionNode = FALSE
	EndGlobalSection
	GlobalSection(NestedProjects) = preSolution
		{390AD9ED-0018-42FB-AE6C-14EF811F2619} = {10ABCE32-C976-4D97-896E-598201553E46}
		{D83D761B-2779-4F0D-9DBC-FDF05C86351A} = {10ABCE32-C976-4D97-896E-598201553E46}
		{2882273D-AB22-4D54-8B62-2948EA00A236} = {D83D761B-2779-4F0D-9DBC-FDF05C86351A}
		{FBEEBF10-54C4-40B6-AFBB-84FD717F07A3} = {D83D761B-2779-4F0D-9DBC-FDF05C86351A}
		{A0D07AC9-B495-4370-9E5C-0831C79908BB} = {2882273D-AB22-4D54-8B62-2948EA00A236}
		{84B32E06-4157-4299-8657-95B7B07FB7E7} = {10ABCE32-C976-4D97-896E-598201553E46}
		{D7515E85-FD50-4C4A-A560-A533446E4A6B} = {84B32E06-4157-4299-8657-95B7B07FB7E7}
		{3F011DD9-4FB2-4242-B855-0792B3AEB6DE} = {D83D761B-2779-4F0D-9DBC-FDF05C86351A}
		{7DE73051-9C71-4F45-8FCA-EC9B3BB4DC0A} = {D83D761B-2779-4F0D-9DBC-FDF05C86351A}
		{336DB0D2-52F3-41E9-A485-9EC25A547A8B} = {FBEEBF10-54C4-40B6-AFBB-84FD717F07A3}
		{D53CD589-EAC3-4377-91C3-29F4DAFDB27B} = {D83D761B-2779-4F0D-9DBC-FDF05C86351A}
		{06FCA707-6936-4E82-B505-ACDC697011B2} = {D53CD589-EAC3-4377-91C3-29F4DAFDB27B}
	EndGlobalSection
	GlobalSection(ExtensibilityGlobals) = postSolution
		SolutionGuid = {D77B9E65-CA69-4A36-80F7-637C06408254}
	EndGlobalSection
EndGlobal
